<?xml version="1.0" encoding="utf-8"?>
<Project ToolsVersion="4.0" xmlns="http://schemas.microsoft.com/developer/msbuild/2003">
  <ItemGroup>
    <Filter Include="源文件">
      <UniqueIdentifier>{4FC737F1-C7A5-4376-A066-2A32D752A2FF}</UniqueIdentifier>
      <Extensions>cpp;c;cc;cxx;def;odl;idl;hpj;bat;asm;asmx</Extensions>
    </Filter>
    <Filter Include="头文件">
      <UniqueIdentifier>{93995380-89BD-4b04-88EB-625FBE52EBFB}</UniqueIdentifier>
      <Extensions>h;hh;hpp;hxx;hm;inl;inc;xsd</Extensions>
    </Filter>
    <Filter Include="资源文件">
      <UniqueIdentifier>{67DA6AB6-F800-4c08-8B7A-83BB121AAD01}</UniqueIdentifier>
      <Extensions>rc;ico;cur;bmp;dlg;rc2;rct;bin;rgs;gif;jpg;jpeg;jpe;resx;tiff;tif;png;wav;mfcribbon-ms</Extensions>
    </Filter>
    <Filter Include="Util_LIB">
      <UniqueIdentifier>{958a7d0c-4013-4fed-b950-890569a099ce}</UniqueIdentifier>
    </Filter>
    <Filter Include="Util_LIB\INI">
      <UniqueIdentifier>{88b2386d-ba5a-4b00-bbbb-44eb5167ceac}</UniqueIdentifier>
    </Filter>
    <Filter Include="Util_LIB\Linux">
      <UniqueIdentifier>{201f2707-2186-4599-aa5a-4a250500efb3}</UniqueIdentifier>
    </Filter>
    <Filter Include="Util_LIB\IDACLASS">
      <UniqueIdentifier>{899e6a77-e428-494f-8e8c-0ed387aa719f}</UniqueIdentifier>
    </Filter>
    <Filter Include="Util_LIB\File">
      <UniqueIdentifier>{ae1f5db6-f944-424c-931a-3c50489b3392}</UniqueIdentifier>
    </Filter>
    <Filter Include="Util_LIB\Char">
      <UniqueIdentifier>{8e58fce1-7990-4661-87aa-6f76b5b8c60e}</UniqueIdentifier>
    </Filter>
    <Filter Include="Util_LIB\List">
      <UniqueIdentifier>{601b7bb5-f501-45ca-a440-212f56d85548}</UniqueIdentifier>
    </Filter>
    <Filter Include="Util_LIB\Debug">
      <UniqueIdentifier>{4804820d-003e-4799-a93c-6062d4fc5a4f}</UniqueIdentifier>
    </Filter>
  </ItemGroup>
  <ItemGroup>
    <ClInclude Include="IDA_Demo_Main.h">
      <Filter>头文件</Filter>
    </ClInclude>
    <ClInclude Include="IDA_Header.h">
      <Filter>头文件</Filter>
    </ClInclude>
    <ClInclude Include="IDA_Timer.H">
      <Filter>头文件</Filter>
    </ClInclude>
    <ClInclude Include="IDA_Mul-Debug.h">
      <Filter>头文件</Filter>
    </ClInclude>
    <ClInclude Include="Util_LIB\Util_LIB.H">
      <Filter>Util_LIB</Filter>
    </ClInclude>
    <ClInclude Include="Util_LIB\INI\Util_LIB_INI.H">
      <Filter>Util_LIB\INI</Filter>
    </ClInclude>
    <ClInclude Include="Util_LIB\IDAClass\Util_LIB_IDAClass.H">
      <Filter>Util_LIB\IDACLASS</Filter>
    </ClInclude>
    <ClInclude Include="Util_LIB\Linux\Util_LIB_Linux.H">
      <Filter>Util_LIB\Linux</Filter>
    </ClInclude>
    <ClInclude Include="Util_LIB\Linux\__NR_SysCall.H">
      <Filter>Util_LIB\Linux</Filter>
    </ClInclude>
    <ClInclude Include="Util_LIB\Char\UtilChar.h">
      <Filter>Util_LIB\Char</Filter>
    </ClInclude>
    <ClInclude Include="Util_LIB\IDAClass\AskUI.h">
      <Filter>Util_LIB\IDACLASS</Filter>
    </ClInclude>
    <ClInclude Include="Util_LIB\Char\Util_LIB_Char.H">
      <Filter>Util_LIB\Char</Filter>
    </ClInclude>
    <ClInclude Include="Util_LIB\File\Util_File.h">
      <Filter>Util_LIB\File</Filter>
    </ClInclude>
    <ClInclude Include="Util_LIB\File\Util_LIB_File.H">
      <Filter>Util_LIB\File</Filter>
    </ClInclude>
    <ClInclude Include="Util_LIB\INI\C_INI.h">
      <Filter>Util_LIB\INI</Filter>
    </ClInclude>
    <ClInclude Include="List.h">
      <Filter>头文件</Filter>
    </ClInclude>
    <ClInclude Include="Util_LIB\List\List.h">
      <Filter>Util_LIB\List</Filter>
    </ClInclude>
    <ClInclude Include="Util_LIB\List\Util_LIB_List.H">
      <Filter>Util_LIB\List</Filter>
    </ClInclude>
    <ClInclude Include="Util_LIB\Char\Util_Base.h">
      <Filter>Util_LIB\Char</Filter>
    </ClInclude>
    <ClInclude Include="Util_LIB\Linux\SysCall.H">
      <Filter>Util_LIB\Linux</Filter>
    </ClInclude>
    <ClInclude Include="Option_ARMCode.H">
      <Filter>头文件</Filter>
    </ClInclude>
  </ItemGroup>
  <ItemGroup>
    <ClCompile Include="IDA_Demo_Main.cpp">
      <Filter>源文件</Filter>
    </ClCompile>
    <ClCompile Include="IDA_Timer.cpp">
      <Filter>源文件</Filter>
    </ClCompile>
    <ClCompile Include="IDA_Mul-Debug.cpp">
      <Filter>源文件</Filter>
    </ClCompile>
    <ClCompile Include="IDA_Import.cpp">
      <Filter>源文件</Filter>
    </ClCompile>
    <ClCompile Include="IDAOP_Arm.cpp">
      <Filter>源文件</Filter>
    </ClCompile>
    <ClCompile Include="IDAOP_Export.cpp">
      <Filter>源文件</Filter>
    </ClCompile>
  </ItemGroup>
</Project>